
Microsoft Visual Studio Solution File, Format Version 12.00
# Visual Studio 2015
Project("{FAE04EC0-301F-11D3-BF4B-00C04F79EFBC}") = "Unity-Projekt.CSharp", "Unity-Projekt.CSharp.csproj", "{C464303A-6DBE-4818-2D44-EAA1E7A88FA5}"
EndProject
Global
	GlobalSection(SolutionConfigurationPlatforms) = preSolution
		Debug|Any CPU = Debug|Any CPU
		Release|Any CPU = Release|Any CPU
	EndGlobalSection
	GlobalSection(ProjectConfigurationPlatforms) = postSolution
		{C464303A-6DBE-4818-2D44-EAA1E7A88FA5}.Debug|Any CPU.ActiveCfg = Debug|Any CPU
		{C464303A-6DBE-4818-2D44-EAA1E7A88FA5}.Debug|Any CPU.Build.0 = Debug|Any CPU
		{C464303A-6DBE-4818-2D44-EAA1E7A88FA5}.Release|Any CPU.ActiveCfg = Release|Any CPU
		{C464303A-6DBE-4818-2D44-EAA1E7A88FA5}.Release|Any CPU.Build.0 = Release|Any CPU
	EndGlobalSection
	GlobalSection(SolutionProperties) = preSolution
		HideSolutionNode = FALSE
	EndGlobalSection
EndGlobal
